{
  "requires": true,
  "lockfileVersion": 1,
  "dependencies": {
    "react-simple-keyboard": {
      "version": "2.3.122",
      "resolved": "https://registry.npmjs.org/react-simple-keyboard/-/react-simple-keyboard-2.3.122.tgz",
      "integrity": "sha512-5pGUl4FTzVMwFoNx8/9IO4d3sQjZlrGlZ7dpY9sVyR8E+Utn20lgruU5WqqYBMdDmzbbLj/DYTHLZEOMpXFhNQ=="
    },
    "simple-keyboard-layouts": {
      "version": "1.13.70",
      "resolved": "https://registry.npmjs.org/simple-keyboard-layouts/-/simple-keyboard-layouts-1.13.70.tgz",
      "integrity": "sha512-Sr4gBbn31RxXVKwbBayNx78COV3Abs6UkYdwFNR1rOLkcZRHPTBAvw7j+kGcX10mj/c6V+EaioClVHpXiRIGgQ=="
    }
  }
}
